%{
  "elixir_make": {:hex, :elixir_make, "0.6.0", "38349f3e29aff4864352084fc736fa7fa0f2995a819a737554f7ebd28b85aaab", [:mix], [], "hexpm"},
  "font_metrics": {:hex, :font_metrics, "0.3.1", "025ff9957040eb4d6430c306a4445bad5d9f43ec24448c1647df7cb63b5dd88c", [:mix], [{:msgpax, "~> 2.2", [hex: :msgpax, repo: "hexpm", optional: false]}], "hexpm"},
  "msgpax": {:hex, :msgpax, "2.2.4", "7b3790ef684089076b63c0f08c2f4b079c6311daeb006b69e4ed2bf67518291e", [:mix], [{:plug, "~> 1.0", [hex: :plug, repo: "hexpm", optional: true]}], "hexpm"},
  "scenic": {:git, "https://github.com/danxexe/scenic.git", "a17aa97c71c0f7f40c30d62991c5f446070bcc7c", [ref: "a17aa97c71c0f7f40c30d62991c5f446070bcc7c"]},
  "scenic_driver_glfw": {:git, "https://github.com/boydm/scenic_driver_glfw.git", "e744f89a929278be41339b25364ea84768674359", [ref: "e744f89a929278be41339b25364ea84768674359"]},
}
